
Microsoft Visual Studio Solution File, Format Version 12.00
# Visual Studio Version 17
VisualStudioVersion = 17.7.34031.279
MinimumVisualStudioVersion = 10.0.40219.1
Project("{9A19103F-16F7-4668-BE54-9A1E7A4F7556}") = "LimaBooks.Api", "LimaBooks.Api\LimaBooks.Api.csproj", "{632FB511-0E71-4AC2-9E21-8B474B2052DF}"
EndProject
Project("{9A19103F-16F7-4668-BE54-9A1E7A4F7556}") = "LimaBooks.Domain", "LimaBooks.Domain\LimaBooks.Domain.csproj", "{82CE1E6E-F0B1-47F0-BEFD-52C83526E7EC}"
EndProject
Project("{D954291E-2A0B-460D-934E-DC6B0785DB48}") = "LimaBooks.Shared", "LimaBooks.Shared\LimaBooks.Shared.shproj", "{75CC6DB5-AFC9-4BBD-B735-59D0DC1157D2}"
EndProject
Project("{9A19103F-16F7-4668-BE54-9A1E7A4F7556}") = "LimaBooks.Service", "LimaBooks.Service\LimaBooks.Service.csproj", "{23E3A007-3472-4409-A626-200F47FB038B}"
EndProject
Project("{9A19103F-16F7-4668-BE54-9A1E7A4F7556}") = "LimaBooks.Repository", "LimaBooks.Repository\LimaBooks.Repository.csproj", "{EA1AD5F2-E01F-4726-96B0-C9DFC5FD5FFE}"
EndProject
Project("{2150E333-8FDC-42A3-9474-1A3956D46DE8}") = "Devops", "Devops", "{827EA68C-5825-41E3-994A-E5DC11EB7E1B}"
	ProjectSection(SolutionItems) = preProject
		docker-compose.yml = docker-compose.yml
		.github\workflows\docker-image.yml = .github\workflows\docker-image.yml
		Dockerfile = Dockerfile
		.github\workflows\dotnet.yml = .github\workflows\dotnet.yml
	EndProjectSection
EndProject
Project("{9A19103F-16F7-4668-BE54-9A1E7A4F7556}") = "LimaBooks.Tests", "LimaBooks.Tests\LimaBooks.Tests.csproj", "{9C23BC59-D189-4C7D-9B38-DE99717B5693}"
EndProject
Global
	GlobalSection(SolutionConfigurationPlatforms) = preSolution
		Debug|Any CPU = Debug|Any CPU
		Release|Any CPU = Release|Any CPU
	EndGlobalSection
	GlobalSection(ProjectConfigurationPlatforms) = postSolution
		{632FB511-0E71-4AC2-9E21-8B474B2052DF}.Debug|Any CPU.ActiveCfg = Debug|Any CPU
		{632FB511-0E71-4AC2-9E21-8B474B2052DF}.Debug|Any CPU.Build.0 = Debug|Any CPU
		{632FB511-0E71-4AC2-9E21-8B474B2052DF}.Release|Any CPU.ActiveCfg = Release|Any CPU
		{632FB511-0E71-4AC2-9E21-8B474B2052DF}.Release|Any CPU.Build.0 = Release|Any CPU
		{82CE1E6E-F0B1-47F0-BEFD-52C83526E7EC}.Debug|Any CPU.ActiveCfg = Debug|Any CPU
		{82CE1E6E-F0B1-47F0-BEFD-52C83526E7EC}.Debug|Any CPU.Build.0 = Debug|Any CPU
		{82CE1E6E-F0B1-47F0-BEFD-52C83526E7EC}.Release|Any CPU.ActiveCfg = Release|Any CPU
		{82CE1E6E-F0B1-47F0-BEFD-52C83526E7EC}.Release|Any CPU.Build.0 = Release|Any CPU
		{23E3A007-3472-4409-A626-200F47FB038B}.Debug|Any CPU.ActiveCfg = Debug|Any CPU
		{23E3A007-3472-4409-A626-200F47FB038B}.Debug|Any CPU.Build.0 = Debug|Any CPU
		{23E3A007-3472-4409-A626-200F47FB038B}.Release|Any CPU.ActiveCfg = Release|Any CPU
		{23E3A007-3472-4409-A626-200F47FB038B}.Release|Any CPU.Build.0 = Release|Any CPU
		{EA1AD5F2-E01F-4726-96B0-C9DFC5FD5FFE}.Debug|Any CPU.ActiveCfg = Debug|Any CPU
		{EA1AD5F2-E01F-4726-96B0-C9DFC5FD5FFE}.Debug|Any CPU.Build.0 = Debug|Any CPU
		{EA1AD5F2-E01F-4726-96B0-C9DFC5FD5FFE}.Release|Any CPU.ActiveCfg = Release|Any CPU
		{EA1AD5F2-E01F-4726-96B0-C9DFC5FD5FFE}.Release|Any CPU.Build.0 = Release|Any CPU
		{9C23BC59-D189-4C7D-9B38-DE99717B5693}.Debug|Any CPU.ActiveCfg = Debug|Any CPU
		{9C23BC59-D189-4C7D-9B38-DE99717B5693}.Debug|Any CPU.Build.0 = Debug|Any CPU
		{9C23BC59-D189-4C7D-9B38-DE99717B5693}.Release|Any CPU.ActiveCfg = Release|Any CPU
		{9C23BC59-D189-4C7D-9B38-DE99717B5693}.Release|Any CPU.Build.0 = Release|Any CPU
	EndGlobalSection
	GlobalSection(SolutionProperties) = preSolution
		HideSolutionNode = FALSE
	EndGlobalSection
	GlobalSection(ExtensibilityGlobals) = postSolution
		SolutionGuid = {C7DD5411-32F8-4506-8482-353881A46013}
	EndGlobalSection
	GlobalSection(SharedMSBuildProjectFiles) = preSolution
		LimaBooks.Shared\LimaBooks.Shared.projitems*{75cc6db5-afc9-4bbd-b735-59d0dc1157d2}*SharedItemsImports = 13
		LimaBooks.Shared\LimaBooks.Shared.projitems*{82ce1e6e-f0b1-47f0-befd-52c83526e7ec}*SharedItemsImports = 5
	EndGlobalSection
EndGlobal
